
Microsoft Visual Studio Solution File, Format Version 12.00
# Visual Studio 15
VisualStudioVersion = 15.0.27428.2037
MinimumVisualStudioVersion = 10.0.40219.1
Project("{FAE04EC0-301F-11D3-BF4B-00C04F79EFBC}") = "XamarinExp.Android", "XamarinExp\XamarinExp.Android\XamarinExp.Android.csproj", "{904102C2-DC4C-47AE-BF46-0438F847CA7E}"
EndProject
Project("{FAE04EC0-301F-11D3-BF4B-00C04F79EFBC}") = "XamarinExp.iOS", "XamarinExp\XamarinExp.iOS\XamarinExp.iOS.csproj", "{E21862DF-67BD-4EF0-B779-6CC25CC97ADD}"
EndProject
Project("{FAE04EC0-301F-11D3-BF4B-00C04F79EFBC}") = "XamarinExp.UWP", "XamarinExp\XamarinExp.UWP\XamarinExp.UWP.csproj", "{F5CDC037-5EBA-48A1-8BA8-58477DDDEDE6}"
EndProject
Project("{FAE04EC0-301F-11D3-BF4B-00C04F79EFBC}") = "XamarinExp", "XamarinExp\XamarinExp\XamarinExp.csproj", "{4E938DFD-F250-4270-94A8-9EB636E96FF5}"
EndProject
Global
	GlobalSection(SolutionConfigurationPlatforms) = preSolution
		Ad-Hoc|Any CPU = Ad-Hoc|Any CPU
		Ad-Hoc|ARM = Ad-Hoc|ARM
		Ad-Hoc|iPhone = Ad-Hoc|iPhone
		Ad-Hoc|iPhoneSimulator = Ad-Hoc|iPhoneSimulator
		Ad-Hoc|x64 = Ad-Hoc|x64
		Ad-Hoc|x86 = Ad-Hoc|x86
		AppStore|Any CPU = AppStore|Any CPU
		AppStore|ARM = AppStore|ARM
		AppStore|iPhone = AppStore|iPhone
		AppStore|iPhoneSimulator = AppStore|iPhoneSimulator
		AppStore|x64 = AppStore|x64
		AppStore|x86 = AppStore|x86
		Debug|Any CPU = Debug|Any CPU
		Debug|ARM = Debug|ARM
		Debug|iPhone = Debug|iPhone
		Debug|iPhoneSimulator = Debug|iPhoneSimulator
		Debug|x64 = Debug|x64
		Debug|x86 = Debug|x86
		Release|Any CPU = Release|Any CPU
		Release|ARM = Release|ARM
		Release|iPhone = Release|iPhone
		Release|iPhoneSimulator = Release|iPhoneSimulator
		Release|x64 = Release|x64
		Release|x86 = Release|x86
	EndGlobalSection
	GlobalSection(ProjectConfigurationPlatforms) = postSolution
		{904102C2-DC4C-47AE-BF46-0438F847CA7E}.Ad-Hoc|Any CPU.ActiveCfg = Release|Any CPU
		{904102C2-DC4C-47AE-BF46-0438F847CA7E}.Ad-Hoc|Any CPU.Build.0 = Release|Any CPU
		{904102C2-DC4C-47AE-BF46-0438F847CA7E}.Ad-Hoc|Any CPU.Deploy.0 = Release|Any CPU
		{904102C2-DC4C-47AE-BF46-0438F847CA7E}.Ad-Hoc|ARM.ActiveCfg = Release|Any CPU
		{904102C2-DC4C-47AE-BF46-0438F847CA7E}.Ad-Hoc|ARM.Build.0 = Release|Any CPU
		{904102C2-DC4C-47AE-BF46-0438F847CA7E}.Ad-Hoc|ARM.Deploy.0 = Release|Any CPU
		{904102C2-DC4C-47AE-BF46-0438F847CA7E}.Ad-Hoc|iPhone.ActiveCfg = Release|Any CPU
		{904102C2-DC4C-47AE-BF46-0438F847CA7E}.Ad-Hoc|iPhone.Build.0 = Release|Any CPU
		{904102C2-DC4C-47AE-BF46-0438F847CA7E}.Ad-Hoc|iPhone.Deploy.0 = Release|Any CPU
		{904102C2-DC4C-47AE-BF46-0438F847CA7E}.Ad-Hoc|iPhoneSimulator.ActiveCfg = Release|Any CPU
		{904102C2-DC4C-47AE-BF46-0438F847CA7E}.Ad-Hoc|iPhoneSimulator.Build.0 = Release|Any CPU
		{904102C2-DC4C-47AE-BF46-0438F847CA7E}.Ad-Hoc|iPhoneSimulator.Deploy.0 = Release|Any CPU
		{904102C2-DC4C-47AE-BF46-0438F847CA7E}.Ad-Hoc|x64.ActiveCfg = Release|Any CPU
		{904102C2-DC4C-47AE-BF46-0438F847CA7E}.Ad-Hoc|x64.Build.0 = Release|Any CPU
		{904102C2-DC4C-47AE-BF46-0438F847CA7E}.Ad-Hoc|x64.Deploy.0 = Release|Any CPU
		{904102C2-DC4C-47AE-BF46-0438F847CA7E}.Ad-Hoc|x86.ActiveCfg = Release|Any CPU
		{904102C2-DC4C-47AE-BF46-0438F847CA7E}.Ad-Hoc|x86.Build.0 = Release|Any CPU
		{904102C2-DC4C-47AE-BF46-0438F847CA7E}.Ad-Hoc|x86.Deploy.0 = Release|Any CPU
		{904102C2-DC4C-47AE-BF46-0438F847CA7E}.AppStore|Any CPU.ActiveCfg = Release|Any CPU
		{904102C2-DC4C-47AE-BF46-0438F847CA7E}.AppStore|Any CPU.Build.0 = Release|Any CPU
		{904102C2-DC4C-47AE-BF46-0438F847CA7E}.AppStore|Any CPU.Deploy.0 = Release|Any CPU
		{904102C2-DC4C-47AE-BF46-0438F847CA7E}.AppStore|ARM.ActiveCfg = Release|Any CPU
		{904102C2-DC4C-47AE-BF46-0438F847CA7E}.AppStore|ARM.Build.0 = Release|Any CPU
		{904102C2-DC4C-47AE-BF46-0438F847CA7E}.AppStore|ARM.Deploy.0 = Release|Any CPU
		{904102C2-DC4C-47AE-BF46-0438F847CA7E}.AppStore|iPhone.ActiveCfg = Release|Any CPU
		{904102C2-DC4C-47AE-BF46-0438F847CA7E}.AppStore|iPhone.Build.0 = Release|Any CPU
		{904102C2-DC4C-47AE-BF46-0438F847CA7E}.AppStore|iPhone.Deploy.0 = Release|Any CPU
		{904102C2-DC4C-47AE-BF46-0438F847CA7E}.AppStore|iPhoneSimulator.ActiveCfg = Release|Any CPU
		{904102C2-DC4C-47AE-BF46-0438F847CA7E}.AppStore|iPhoneSimulator.Build.0 = Release|Any CPU
		{904102C2-DC4C-47AE-BF46-0438F847CA7E}.AppStore|iPhoneSimulator.Deploy.0 = Release|Any CPU
		{904102C2-DC4C-47AE-BF46-0438F847CA7E}.AppStore|x64.ActiveCfg = Release|Any CPU
		{904102C2-DC4C-47AE-BF46-0438F847CA7E}.AppStore|x64.Build.0 = Release|Any CPU
		{904102C2-DC4C-47AE-BF46-0438F847CA7E}.AppStore|x64.Deploy.0 = Release|Any CPU
		{904102C2-DC4C-47AE-BF46-0438F847CA7E}.AppStore|x86.ActiveCfg = Release|Any CPU
		{904102C2-DC4C-47AE-BF46-0438F847CA7E}.AppStore|x86.Build.0 = Release|Any CPU
		{904102C2-DC4C-47AE-BF46-0438F847CA7E}.AppStore|x86.Deploy.0 = Release|Any CPU
		{904102C2-DC4C-47AE-BF46-0438F847CA7E}.Debug|Any CPU.ActiveCfg = Debug|Any CPU
		{904102C2-DC4C-47AE-BF46-0438F847CA7E}.Debug|Any CPU.Build.0 = Debug|Any CPU
		{904102C2-DC4C-47AE-BF46-0438F847CA7E}.Debug|Any CPU.Deploy.0 = Debug|Any CPU
		{904102C2-DC4C-47AE-BF46-0438F847CA7E}.Debug|ARM.ActiveCfg = Debug|Any CPU
		{904102C2-DC4C-47AE-BF46-0438F847CA7E}.Debug|ARM.Build.0 = Debug|Any CPU
		{904102C2-DC4C-47AE-BF46-0438F847CA7E}.Debug|ARM.Deploy.0 = Debug|Any CPU
		{904102C2-DC4C-47AE-BF46-0438F847CA7E}.Debug|iPhone.ActiveCfg = Debug|Any CPU
		{904102C2-DC4C-47AE-BF46-0438F847CA7E}.Debug|iPhone.Build.0 = Debug|Any CPU
		{904102C2-DC4C-47AE-BF46-0438F847CA7E}.Debug|iPhone.Deploy.0 = Debug|Any CPU
		{904102C2-DC4C-47AE-BF46-0438F847CA7E}.Debug|iPhoneSimulator.ActiveCfg = Debug|Any CPU
		{904102C2-DC4C-47AE-BF46-0438F847CA7E}.Debug|iPhoneSimulator.Build.0 = Debug|Any CPU
		{904102C2-DC4C-47AE-BF46-0438F847CA7E}.Debug|iPhoneSimulator.Deploy.0 = Debug|Any CPU
		{904102C2-DC4C-47AE-BF46-0438F847CA7E}.Debug|x64.ActiveCfg = Debug|Any CPU
		{904102C2-DC4C-47AE-BF46-0438F847CA7E}.Debug|x64.Build.0 = Debug|Any CPU
		{904102C2-DC4C-47AE-BF46-0438F847CA7E}.Debug|x64.Deploy.0 = Debug|Any CPU
		{904102C2-DC4C-47AE-BF46-0438F847CA7E}.Debug|x86.ActiveCfg = Debug|Any CPU
		{904102C2-DC4C-47AE-BF46-0438F847CA7E}.Debug|x86.Build.0 = Debug|Any CPU
		{904102C2-DC4C-47AE-BF46-0438F847CA7E}.Debug|x86.Deploy.0 = Debug|Any CPU
		{904102C2-DC4C-47AE-BF46-0438F847CA7E}.Release|Any CPU.ActiveCfg = Release|Any CPU
		{904102C2-DC4C-47AE-BF46-0438F847CA7E}.Release|Any CPU.Build.0 = Release|Any CPU
		{904102C2-DC4C-47AE-BF46-0438F847CA7E}.Release|Any CPU.Deploy.0 = Release|Any CPU
		{904102C2-DC4C-47AE-BF46-0438F847CA7E}.Release|ARM.ActiveCfg = Release|Any CPU
		{904102C2-DC4C-47AE-BF46-0438F847CA7E}.Release|ARM.Build.0 = Release|Any CPU
		{904102C2-DC4C-47AE-BF46-0438F847CA7E}.Release|ARM.Deploy.0 = Release|Any CPU
		{904102C2-DC4C-47AE-BF46-0438F847CA7E}.Release|iPhone.ActiveCfg = Release|Any CPU
		{904102C2-DC4C-47AE-BF46-0438F847CA7E}.Release|iPhone.Build.0 = Release|Any CPU
		{904102C2-DC4C-47AE-BF46-0438F847CA7E}.Release|iPhone.Deploy.0 = Release|Any CPU
		{904102C2-DC4C-47AE-BF46-0438F847CA7E}.Release|iPhoneSimulator.ActiveCfg = Release|Any CPU
		{904102C2-DC4C-47AE-BF46-0438F847CA7E}.Release|iPhoneSimulator.Build.0 = Release|Any CPU
		{904102C2-DC4C-47AE-BF46-0438F847CA7E}.Release|iPhoneSimulator.Deploy.0 = Release|Any CPU
		{904102C2-DC4C-47AE-BF46-0438F847CA7E}.Release|x64.ActiveCfg = Release|Any CPU
		{904102C2-DC4C-47AE-BF46-0438F847CA7E}.Release|x64.Build.0 = Release|Any CPU
		{904102C2-DC4C-47AE-BF46-0438F847CA7E}.Release|x64.Deploy.0 = Release|Any CPU
		{904102C2-DC4C-47AE-BF46-0438F847CA7E}.Release|x86.ActiveCfg = Release|Any CPU
		{904102C2-DC4C-47AE-BF46-0438F847CA7E}.Release|x86.Build.0 = Release|Any CPU
		{904102C2-DC4C-47AE-BF46-0438F847CA7E}.Release|x86.Deploy.0 = Release|Any CPU
		{E21862DF-67BD-4EF0-B779-6CC25CC97ADD}.Ad-Hoc|Any CPU.ActiveCfg = Ad-Hoc|iPhone
		{E21862DF-67BD-4EF0-B779-6CC25CC97ADD}.Ad-Hoc|ARM.ActiveCfg = Ad-Hoc|iPhone
		{E21862DF-67BD-4EF0-B779-6CC25CC97ADD}.Ad-Hoc|iPhone.ActiveCfg = Ad-Hoc|iPhone
		{E21862DF-67BD-4EF0-B779-6CC25CC97ADD}.Ad-Hoc|iPhone.Build.0 = Ad-Hoc|iPhone
		{E21862DF-67BD-4EF0-B779-6CC25CC97ADD}.Ad-Hoc|iPhoneSimulator.ActiveCfg = Ad-Hoc|iPhoneSimulator
		{E21862DF-67BD-4EF0-B779-6CC25CC97ADD}.Ad-Hoc|iPhoneSimulator.Build.0 = Ad-Hoc|iPhoneSimulator
		{E21862DF-67BD-4EF0-B779-6CC25CC97ADD}.Ad-Hoc|x64.ActiveCfg = Ad-Hoc|iPhone
		{E21862DF-67BD-4EF0-B779-6CC25CC97ADD}.Ad-Hoc|x86.ActiveCfg = Ad-Hoc|iPhone
		{E21862DF-67BD-4EF0-B779-6CC25CC97ADD}.AppStore|Any CPU.ActiveCfg = AppStore|iPhone
		{E21862DF-67BD-4EF0-B779-6CC25CC97ADD}.AppStore|ARM.ActiveCfg = AppStore|iPhone
		{E21862DF-67BD-4EF0-B779-6CC25CC97ADD}.AppStore|iPhone.ActiveCfg = AppStore|iPhone
		{E21862DF-67BD-4EF0-B779-6CC25CC97ADD}.AppStore|iPhone.Build.0 = AppStore|iPhone
		{E21862DF-67BD-4EF0-B779-6CC25CC97ADD}.AppStore|iPhoneSimulator.ActiveCfg = AppStore|iPhoneSimulator
		{E21862DF-67BD-4EF0-B779-6CC25CC97ADD}.AppStore|iPhoneSimulator.Build.0 = AppStore|iPhoneSimulator
		{E21862DF-67BD-4EF0-B779-6CC25CC97ADD}.AppStore|x64.ActiveCfg = AppStore|iPhone
		{E21862DF-67BD-4EF0-B779-6CC25CC97ADD}.AppStore|x86.ActiveCfg = AppStore|iPhone
		{E21862DF-67BD-4EF0-B779-6CC25CC97ADD}.Debug|Any CPU.ActiveCfg = Debug|iPhone
		{E21862DF-67BD-4EF0-B779-6CC25CC97ADD}.Debug|ARM.ActiveCfg = Debug|iPhone
		{E21862DF-67BD-4EF0-B779-6CC25CC97ADD}.Debug|iPhone.ActiveCfg = Debug|iPhone
		{E21862DF-67BD-4EF0-B779-6CC25CC97ADD}.Debug|iPhone.Build.0 = Debug|iPhone
		{E21862DF-67BD-4EF0-B779-6CC25CC97ADD}.Debug|iPhoneSimulator.ActiveCfg = Debug|iPhoneSimulator
		{E21862DF-67BD-4EF0-B779-6CC25CC97ADD}.Debug|iPhoneSimulator.Build.0 = Debug|iPhoneSimulator
		{E21862DF-67BD-4EF0-B779-6CC25CC97ADD}.Debug|x64.ActiveCfg = Debug|iPhone
		{E21862DF-67BD-4EF0-B779-6CC25CC97ADD}.Debug|x86.ActiveCfg = Debug|iPhone
		{E21862DF-67BD-4EF0-B779-6CC25CC97ADD}.Release|Any CPU.ActiveCfg = Release|iPhone
		{E21862DF-67BD-4EF0-B779-6CC25CC97ADD}.Release|ARM.ActiveCfg = Release|iPhone
		{E21862DF-67BD-4EF0-B779-6CC25CC97ADD}.Release|iPhone.ActiveCfg = Release|iPhone
		{E21862DF-67BD-4EF0-B779-6CC25CC97ADD}.Release|iPhone.Build.0 = Release|iPhone
		{E21862DF-67BD-4EF0-B779-6CC25CC97ADD}.Release|iPhoneSimulator.ActiveCfg = Release|iPhoneSimulator
		{E21862DF-67BD-4EF0-B779-6CC25CC97ADD}.Release|iPhoneSimulator.Build.0 = Release|iPhoneSimulator
		{E21862DF-67BD-4EF0-B779-6CC25CC97ADD}.Release|x64.ActiveCfg = Release|iPhone
		{E21862DF-67BD-4EF0-B779-6CC25CC97ADD}.Release|x86.ActiveCfg = Release|iPhone
		{F5CDC037-5EBA-48A1-8BA8-58477DDDEDE6}.Ad-Hoc|Any CPU.ActiveCfg = Release|x86
		{F5CDC037-5EBA-48A1-8BA8-58477DDDEDE6}.Ad-Hoc|Any CPU.Build.0 = Release|x86
		{F5CDC037-5EBA-48A1-8BA8-58477DDDEDE6}.Ad-Hoc|Any CPU.Deploy.0 = Release|x86
		{F5CDC037-5EBA-48A1-8BA8-58477DDDEDE6}.Ad-Hoc|ARM.ActiveCfg = Release|ARM
		{F5CDC037-5EBA-48A1-8BA8-58477DDDEDE6}.Ad-Hoc|ARM.Build.0 = Release|ARM
		{F5CDC037-5EBA-48A1-8BA8-58477DDDEDE6}.Ad-Hoc|ARM.Deploy.0 = Release|ARM
		{F5CDC037-5EBA-48A1-8BA8-58477DDDEDE6}.Ad-Hoc|iPhone.ActiveCfg = Release|x86
		{F5CDC037-5EBA-48A1-8BA8-58477DDDEDE6}.Ad-Hoc|iPhone.Build.0 = Release|x86
		{F5CDC037-5EBA-48A1-8BA8-58477DDDEDE6}.Ad-Hoc|iPhone.Deploy.0 = Release|x86
		{F5CDC037-5EBA-48A1-8BA8-58477DDDEDE6}.Ad-Hoc|iPhoneSimulator.ActiveCfg = Release|x86
		{F5CDC037-5EBA-48A1-8BA8-58477DDDEDE6}.Ad-Hoc|iPhoneSimulator.Build.0 = Release|x86
		{F5CDC037-5EBA-48A1-8BA8-58477DDDEDE6}.Ad-Hoc|iPhoneSimulator.Deploy.0 = Release|x86
		{F5CDC037-5EBA-48A1-8BA8-58477DDDEDE6}.Ad-Hoc|x64.ActiveCfg = Release|x64
		{F5CDC037-5EBA-48A1-8BA8-58477DDDEDE6}.Ad-Hoc|x64.Build.0 = Release|x64
		{F5CDC037-5EBA-48A1-8BA8-58477DDDEDE6}.Ad-Hoc|x64.Deploy.0 = Release|x64
		{F5CDC037-5EBA-48A1-8BA8-58477DDDEDE6}.Ad-Hoc|x86.ActiveCfg = Release|x86
		{F5CDC037-5EBA-48A1-8BA8-58477DDDEDE6}.Ad-Hoc|x86.Build.0 = Release|x86
		{F5CDC037-5EBA-48A1-8BA8-58477DDDEDE6}.Ad-Hoc|x86.Deploy.0 = Release|x86
		{F5CDC037-5EBA-48A1-8BA8-58477DDDEDE6}.AppStore|Any CPU.ActiveCfg = Release|x86
		{F5CDC037-5EBA-48A1-8BA8-58477DDDEDE6}.AppStore|Any CPU.Build.0 = Release|x86
		{F5CDC037-5EBA-48A1-8BA8-58477DDDEDE6}.AppStore|Any CPU.Deploy.0 = Release|x86
		{F5CDC037-5EBA-48A1-8BA8-58477DDDEDE6}.AppStore|ARM.ActiveCfg = Release|ARM
		{F5CDC037-5EBA-48A1-8BA8-58477DDDEDE6}.AppStore|ARM.Build.0 = Release|ARM
		{F5CDC037-5EBA-48A1-8BA8-58477DDDEDE6}.AppStore|ARM.Deploy.0 = Release|ARM
		{F5CDC037-5EBA-48A1-8BA8-58477DDDEDE6}.AppStore|iPhone.ActiveCfg = Release|x86
		{F5CDC037-5EBA-48A1-8BA8-58477DDDEDE6}.AppStore|iPhone.Build.0 = Release|x86
		{F5CDC037-5EBA-48A1-8BA8-58477DDDEDE6}.AppStore|iPhone.Deploy.0 = Release|x86
		{F5CDC037-5EBA-48A1-8BA8-58477DDDEDE6}.AppStore|iPhoneSimulator.ActiveCfg = Release|x86
		{F5CDC037-5EBA-48A1-8BA8-58477DDDEDE6}.AppStore|iPhoneSimulator.Build.0 = Release|x86
		{F5CDC037-5EBA-48A1-8BA8-58477DDDEDE6}.AppStore|iPhoneSimulator.Deploy.0 = Release|x86
		{F5CDC037-5EBA-48A1-8BA8-58477DDDEDE6}.AppStore|x64.ActiveCfg = Release|x64
		{F5CDC037-5EBA-48A1-8BA8-58477DDDEDE6}.AppStore|x64.Build.0 = Release|x64
		{F5CDC037-5EBA-48A1-8BA8-58477DDDEDE6}.AppStore|x64.Deploy.0 = Release|x64
		{F5CDC037-5EBA-48A1-8BA8-58477DDDEDE6}.AppStore|x86.ActiveCfg = Release|x86
		{F5CDC037-5EBA-48A1-8BA8-58477DDDEDE6}.AppStore|x86.Build.0 = Release|x86
		{F5CDC037-5EBA-48A1-8BA8-58477DDDEDE6}.AppStore|x86.Deploy.0 = Release|x86
		{F5CDC037-5EBA-48A1-8BA8-58477DDDEDE6}.Debug|Any CPU.ActiveCfg = Debug|x86
		{F5CDC037-5EBA-48A1-8BA8-58477DDDEDE6}.Debug|ARM.ActiveCfg = Debug|ARM
		{F5CDC037-5EBA-48A1-8BA8-58477DDDEDE6}.Debug|ARM.Build.0 = Debug|ARM
		{F5CDC037-5EBA-48A1-8BA8-58477DDDEDE6}.Debug|ARM.Deploy.0 = Debug|ARM
		{F5CDC037-5EBA-48A1-8BA8-58477DDDEDE6}.Debug|iPhone.ActiveCfg = Debug|x86
		{F5CDC037-5EBA-48A1-8BA8-58477DDDEDE6}.Debug|iPhoneSimulator.ActiveCfg = Debug|x86
		{F5CDC037-5EBA-48A1-8BA8-58477DDDEDE6}.Debug|x64.ActiveCfg = Debug|x64
		{F5CDC037-5EBA-48A1-8BA8-58477DDDEDE6}.Debug|x64.Build.0 = Debug|x64
		{F5CDC037-5EBA-48A1-8BA8-58477DDDEDE6}.Debug|x64.Deploy.0 = Debug|x64
		{F5CDC037-5EBA-48A1-8BA8-58477DDDEDE6}.Debug|x86.ActiveCfg = Debug|x86
		{F5CDC037-5EBA-48A1-8BA8-58477DDDEDE6}.Debug|x86.Build.0 = Debug|x86
		{F5CDC037-5EBA-48A1-8BA8-58477DDDEDE6}.Debug|x86.Deploy.0 = Debug|x86
		{F5CDC037-5EBA-48A1-8BA8-58477DDDEDE6}.Release|Any CPU.ActiveCfg = Release|x86
		{F5CDC037-5EBA-48A1-8BA8-58477DDDEDE6}.Release|ARM.ActiveCfg = Release|ARM
		{F5CDC037-5EBA-48A1-8BA8-58477DDDEDE6}.Release|ARM.Build.0 = Release|ARM
		{F5CDC037-5EBA-48A1-8BA8-58477DDDEDE6}.Release|ARM.Deploy.0 = Release|ARM
		{F5CDC037-5EBA-48A1-8BA8-58477DDDEDE6}.Release|iPhone.ActiveCfg = Release|x86
		{F5CDC037-5EBA-48A1-8BA8-58477DDDEDE6}.Release|iPhoneSimulator.ActiveCfg = Release|x86
		{F5CDC037-5EBA-48A1-8BA8-58477DDDEDE6}.Release|x64.ActiveCfg = Release|x64
		{F5CDC037-5EBA-48A1-8BA8-58477DDDEDE6}.Release|x64.Build.0 = Release|x64
		{F5CDC037-5EBA-48A1-8BA8-58477DDDEDE6}.Release|x64.Deploy.0 = Release|x64
		{F5CDC037-5EBA-48A1-8BA8-58477DDDEDE6}.Release|x86.ActiveCfg = Release|x86
		{F5CDC037-5EBA-48A1-8BA8-58477DDDEDE6}.Release|x86.Build.0 = Release|x86
		{F5CDC037-5EBA-48A1-8BA8-58477DDDEDE6}.Release|x86.Deploy.0 = Release|x86
		{4E938DFD-F250-4270-94A8-9EB636E96FF5}.Ad-Hoc|Any CPU.ActiveCfg = Debug|Any CPU
		{4E938DFD-F250-4270-94A8-9EB636E96FF5}.Ad-Hoc|Any CPU.Build.0 = Debug|Any CPU
		{4E938DFD-F250-4270-94A8-9EB636E96FF5}.Ad-Hoc|ARM.ActiveCfg = Debug|Any CPU
		{4E938DFD-F250-4270-94A8-9EB636E96FF5}.Ad-Hoc|ARM.Build.0 = Debug|Any CPU
		{4E938DFD-F250-4270-94A8-9EB636E96FF5}.Ad-Hoc|iPhone.ActiveCfg = Debug|Any CPU
		{4E938DFD-F250-4270-94A8-9EB636E96FF5}.Ad-Hoc|iPhone.Build.0 = Debug|Any CPU
		{4E938DFD-F250-4270-94A8-9EB636E96FF5}.Ad-Hoc|iPhoneSimulator.ActiveCfg = Debug|Any CPU
		{4E938DFD-F250-4270-94A8-9EB636E96FF5}.Ad-Hoc|iPhoneSimulator.Build.0 = Debug|Any CPU
		{4E938DFD-F250-4270-94A8-9EB636E96FF5}.Ad-Hoc|x64.ActiveCfg = Debug|Any CPU
		{4E938DFD-F250-4270-94A8-9EB636E96FF5}.Ad-Hoc|x64.Build.0 = Debug|Any CPU
		{4E938DFD-F250-4270-94A8-9EB636E96FF5}.Ad-Hoc|x86.ActiveCfg = Debug|Any CPU
		{4E938DFD-F250-4270-94A8-9EB636E96FF5}.Ad-Hoc|x86.Build.0 = Debug|Any CPU
		{4E938DFD-F250-4270-94A8-9EB636E96FF5}.AppStore|Any CPU.ActiveCfg = Debug|Any CPU
		{4E938DFD-F250-4270-94A8-9EB636E96FF5}.AppStore|Any CPU.Build.0 = Debug|Any CPU
		{4E938DFD-F250-4270-94A8-9EB636E96FF5}.AppStore|ARM.ActiveCfg = Debug|Any CPU
		{4E938DFD-F250-4270-94A8-9EB636E96FF5}.AppStore|ARM.Build.0 = Debug|Any CPU
		{4E938DFD-F250-4270-94A8-9EB636E96FF5}.AppStore|iPhone.ActiveCfg = Debug|Any CPU
		{4E938DFD-F250-4270-94A8-9EB636E96FF5}.AppStore|iPhone.Build.0 = Debug|Any CPU
		{4E938DFD-F250-4270-94A8-9EB636E96FF5}.AppStore|iPhoneSimulator.ActiveCfg = Debug|Any CPU
		{4E938DFD-F250-4270-94A8-9EB636E96FF5}.AppStore|iPhoneSimulator.Build.0 = Debug|Any CPU
		{4E938DFD-F250-4270-94A8-9EB636E96FF5}.AppStore|x64.ActiveCfg = Debug|Any CPU
		{4E938DFD-F250-4270-94A8-9EB636E96FF5}.AppStore|x64.Build.0 = Debug|Any CPU
		{4E938DFD-F250-4270-94A8-9EB636E96FF5}.AppStore|x86.ActiveCfg = Debug|Any CPU
		{4E938DFD-F250-4270-94A8-9EB636E96FF5}.AppStore|x86.Build.0 = Debug|Any CPU
		{4E938DFD-F250-4270-94A8-9EB636E96FF5}.Debug|Any CPU.ActiveCfg = Debug|Any CPU
		{4E938DFD-F250-4270-94A8-9EB636E96FF5}.Debug|Any CPU.Build.0 = Debug|Any CPU
		{4E938DFD-F250-4270-94A8-9EB636E96FF5}.Debug|ARM.ActiveCfg = Debug|Any CPU
		{4E938DFD-F250-4270-94A8-9EB636E96FF5}.Debug|ARM.Build.0 = Debug|Any CPU
		{4E938DFD-F250-4270-94A8-9EB636E96FF5}.Debug|iPhone.ActiveCfg = Debug|Any CPU
		{4E938DFD-F250-4270-94A8-9EB636E96FF5}.Debug|iPhone.Build.0 = Debug|Any CPU
		{4E938DFD-F250-4270-94A8-9EB636E96FF5}.Debug|iPhoneSimulator.ActiveCfg = Debug|Any CPU
		{4E938DFD-F250-4270-94A8-9EB636E96FF5}.Debug|iPhoneSimulator.Build.0 = Debug|Any CPU
		{4E938DFD-F250-4270-94A8-9EB636E96FF5}.Debug|x64.ActiveCfg = Debug|Any CPU
		{4E938DFD-F250-4270-94A8-9EB636E96FF5}.Debug|x64.Build.0 = Debug|Any CPU
		{4E938DFD-F250-4270-94A8-9EB636E96FF5}.Debug|x86.ActiveCfg = Debug|Any CPU
		{4E938DFD-F250-4270-94A8-9EB636E96FF5}.Debug|x86.Build.0 = Debug|Any CPU
		{4E938DFD-F250-4270-94A8-9EB636E96FF5}.Release|Any CPU.ActiveCfg = Release|Any CPU
		{4E938DFD-F250-4270-94A8-9EB636E96FF5}.Release|Any CPU.Build.0 = Release|Any CPU
		{4E938DFD-F250-4270-94A8-9EB636E96FF5}.Release|ARM.ActiveCfg = Release|Any CPU
		{4E938DFD-F250-4270-94A8-9EB636E96FF5}.Release|ARM.Build.0 = Release|Any CPU
		{4E938DFD-F250-4270-94A8-9EB636E96FF5}.Release|iPhone.ActiveCfg = Release|Any CPU
		{4E938DFD-F250-4270-94A8-9EB636E96FF5}.Release|iPhone.Build.0 = Release|Any CPU
		{4E938DFD-F250-4270-94A8-9EB636E96FF5}.Release|iPhoneSimulator.ActiveCfg = Release|Any CPU
		{4E938DFD-F250-4270-94A8-9EB636E96FF5}.Release|iPhoneSimulator.Build.0 = Release|Any CPU
		{4E938DFD-F250-4270-94A8-9EB636E96FF5}.Release|x64.ActiveCfg = Release|Any CPU
		{4E938DFD-F250-4270-94A8-9EB636E96FF5}.Release|x64.Build.0 = Release|Any CPU
		{4E938DFD-F250-4270-94A8-9EB636E96FF5}.Release|x86.ActiveCfg = Release|Any CPU
		{4E938DFD-F250-4270-94A8-9EB636E96FF5}.Release|x86.Build.0 = Release|Any CPU
	EndGlobalSection
	GlobalSection(SolutionProperties) = preSolution
		HideSolutionNode = FALSE
	EndGlobalSection
	GlobalSection(ExtensibilityGlobals) = postSolution
		SolutionGuid = {2DC805C2-EFDE-4F70-9D71-52EEC88CBE3F}
	EndGlobalSection
EndGlobal
